# This file is automatically @generated by Poetry 2.4.1 and should not be changed by hand.

[[package]]
name = "async-timeout"
version = "5.0.1"
description = "Timeout context manager for asyncio programs"
optional = false
python-versions = ">=3.8"
groups = ["main"]
markers = "python_full_version < \"3.11.3\""
files = [
    {file = "async_timeout-5.0.1-py3-none-any.whl", hash = "sha256:39e3809566ff85354557ec2398b55e096c8364bacac9405a7a1fa429e77fe76c"},
    {file = "async_timeout-5.0.1.tar.gz", hash = "sha256:d9321a7a3d5a6a5e187e824d2fa0793ce379a202935782d555d6e9d2735677d3"},
]

[[package]]
name = "pyjwt"
version = "2.13.0"
description = "JSON Web Token implementation in Python"
optional = false
python-versions = ">=3.9"
groups = ["main"]
files = [
    {file = "pyjwt-2.13.0-py3-none-any.whl", hash = "sha256:66adcc2aff09b3f1bbd95fc1e1577df8ac8723c978552fd43304c8a290ac5728"},
    {file = "pyjwt-2.13.0.tar.gz", hash = "sha256:41571c89ca91598c79e8ef18a2d07367d4810fbbd6f637794879baf1b7703423"},
]

[package.dependencies]
typing_extensions = {version = ">=4.0", markers = "python_version < \"3.11\""}

[package.extras]
crypto = ["cryptography (>=3.4.0)"]

[[package]]
name = "pymupdf"
version = "1.28.2"
description = "A high performance Python library for data extraction, analysis, conversion & manipulation of PDF (and other) documents."
optional = false
python-versions = ">=3.10"
groups = ["main"]
files = [
    {file = "pymupdf-1.28.2-cp310-abi3-macosx_10_15_x86_64.whl", hash = "sha256:5fc315b425ff1f7afdd1ea2f348205cb19b806767daae7ce4d64115799c2bae1"},
    {file = "pymupdf-1.28.2-cp310-abi3-macosx_11_0_arm64.whl", hash = "sha256:7113846b35dbf0a033f088e4f4fb543dabeb4b0b12c112966a1ca1ee2d5eacae"},
    {file = "pymupdf-1.28.2-cp310-abi3-manylinux_2_28_aarch64.whl", hash = "sha256:3050a233dde1211efe89ada74e2add6238436434159f46097a1423aad2842545"},
    {file = "pymupdf-1.28.2-cp310-abi3-manylinux_2_28_x86_64.whl", hash = "sha256:397d6715c1f0df7548a92d0afd8ce370fc48fa47aeefac16be2bc04a16a8227f"},
    {file = "pymupdf-1.28.2-cp310-abi3-musllinux_1_2_x86_64.whl", hash = "sha256:f89fb2d86d07d643a269f17a093105057e20c79c1d06c103b53600067b6d2b01"},
    {file = "pymupdf-1.28.2-cp310-abi3-win32.whl", hash = "sha256:530ef543a3885b3b81cb72a854e7c5a625a9233201221132bb6c31698c6a2bdb"},
    {file = "pymupdf-1.28.2-cp310-abi3-win_amd64.whl", hash = "sha256:ebd244918798502d7b4504c90410d1711a4d7675a32584ca30f1bab419ecbffe"},
    {file = "pymupdf-1.28.2-cp310-abi3-win_arm64.whl", hash = "sha256:ffe91a24edc75c80da2a4b62f50fc0f54632d34fc8fe4cbc48e5c7ff07cf8fb4"},
    {file = "pymupdf-1.28.2-cp313-abi3-pyemscripten_2025_0_wasm32.whl", hash = "sha256:2e1b574c0fd2cb238021033fd3c0f9c4388816638df064e4bfb56d9d81736dc8"},
    {file = "pymupdf-1.28.2-cp314-cp314t-manylinux_2_28_x86_64.whl", hash = "sha256:fd481ed48bef56305c41fb7e05a055c03345c899c7b101dad086258b438f8168"},
    {file = "pymupdf-1.28.2.tar.gz", hash = "sha256:5e0be7908a715aa20333caddd73f1d6f01e4cd0c26e869fa2dd0b7f344da2249"},
]

[[package]]
name = "redis"
version = "5.3.1"
description = "Python client for Redis database and key-value store"
optional = false
python-versions = ">=3.8"
groups = ["main"]
files = [
    {file = "redis-5.3.1-py3-none-any.whl", hash = "sha256:dc1909bd24669cc31b5f67a039700b16ec30571096c5f1f0d9d2324bff31af97"},
    {file = "redis-5.3.1.tar.gz", hash = "sha256:ca49577a531ea64039b5a36db3d6cd1a0c7a60c34124d46924a45b956e8cf14c"},
]

[package.dependencies]
async-timeout = {version = ">=4.0.3", markers = "python_full_version < \"3.11.3\""}
PyJWT = ">=2.9.0"

[package.extras]
hiredis = ["hiredis (>=3.0.0)"]
ocsp = ["cryptography (>=36.0.1)", "pyopenssl (==23.2.1)", "requests (>=2.31.0)"]

[[package]]
name = "typing-extensions"
version = "4.16.0"
description = "Backported and Experimental Type Hints for Python 3.9+"
optional = false
python-versions = ">=3.9"
groups = ["main"]
markers = "python_version == \"3.10\""
files = [
    {file = "typing_extensions-4.16.0-py3-none-any.whl", hash = "sha256:481caa481374e813c1b176ada14e97f1f67a4539ce9cfeb3f350d78d6370c2e8"},
    {file = "typing_extensions-4.16.0.tar.gz", hash = "sha256:dc983d19a509c94dba722ee6abd33940f7c05a89e243c47e907eb4db6f1a43e5"},
]

[metadata]
lock-version = "2.1"
python-versions = "^3.10"
content-hash = "7e7437f6c5e03f12cd7bc3d7e4ef14a7a2f7f5302b56aafdd144fb7a2587f5be"
